
Microsoft Visual Studio Solution File, Format Version 12.00
# Visual Studio Version 17
VisualStudioVersion = 17.8.34525.116
MinimumVisualStudioVersion = 10.0.40219.1
Project("{FAE04EC0-301F-11D3-BF4B-00C04F79EFBC}") = "ContractsAndDot", "ContractsAndDot\ContractsAndDot.csproj", "{C79672E7-0618-4978-98F4-D552EFDAD99F}"
EndProject
Project("{FAE04EC0-301F-11D3-BF4B-00C04F79EFBC}") = "Models", "Models\Models.csproj", "{3670863F-A433-4CF6-AFF7-0B772A4F890C}"
EndProject
Global
	GlobalSection(SolutionConfigurationPlatforms) = preSolution
		Debug|Any CPU = Debug|Any CPU
		Release|Any CPU = Release|Any CPU
	EndGlobalSection
	GlobalSection(ProjectConfigurationPlatforms) = postSolution
		{C79672E7-0618-4978-98F4-D552EFDAD99F}.Debug|Any CPU.ActiveCfg = Debug|Any CPU
		{C79672E7-0618-4978-98F4-D552EFDAD99F}.Debug|Any CPU.Build.0 = Debug|Any CPU
		{C79672E7-0618-4978-98F4-D552EFDAD99F}.Release|Any CPU.ActiveCfg = Release|Any CPU
		{C79672E7-0618-4978-98F4-D552EFDAD99F}.Release|Any CPU.Build.0 = Release|Any CPU
		{3670863F-A433-4CF6-AFF7-0B772A4F890C}.Debug|Any CPU.ActiveCfg = Debug|Any CPU
		{3670863F-A433-4CF6-AFF7-0B772A4F890C}.Debug|Any CPU.Build.0 = Debug|Any CPU
		{3670863F-A433-4CF6-AFF7-0B772A4F890C}.Release|Any CPU.ActiveCfg = Release|Any CPU
		{3670863F-A433-4CF6-AFF7-0B772A4F890C}.Release|Any CPU.Build.0 = Release|Any CPU
	EndGlobalSection
	GlobalSection(SolutionProperties) = preSolution
		HideSolutionNode = FALSE
	EndGlobalSection
	GlobalSection(ExtensibilityGlobals) = postSolution
		SolutionGuid = {A1619E4F-86E7-4136-A9F5-366837F97F18}
	EndGlobalSection
EndGlobal
